
Microsoft Visual Studio Solution File, Format Version 12.00
# Visual Studio Version 17
VisualStudioVersion = 17.8.34316.72
MinimumVisualStudioVersion = 10.0.40219.1
Project("{9A19103F-16F7-4668-BE54-9A1E7A4F7556}") = "Calculator", "Calculator\Calculator.csproj", "{C33FE611-37CC-4326-82BF-EC126C75797D}"
EndProject
Project("{9A19103F-16F7-4668-BE54-9A1E7A4F7556}") = "Calculator.Tests", "Calculator.Tests\Calculator.Tests.csproj", "{08AFED58-AB4F-4A1C-BAB1-39AA9C31D7E4}"
EndProject
Global
	GlobalSection(SolutionConfigurationPlatforms) = preSolution
		Debug|Any CPU = Debug|Any CPU
		Release|Any CPU = Release|Any CPU
	EndGlobalSection
	GlobalSection(ProjectConfigurationPlatforms) = postSolution
		{C33FE611-37CC-4326-82BF-EC126C75797D}.Debug|Any CPU.ActiveCfg = Debug|Any CPU
		{C33FE611-37CC-4326-82BF-EC126C75797D}.Debug|Any CPU.Build.0 = Debug|Any CPU
		{C33FE611-37CC-4326-82BF-EC126C75797D}.Debug|Any CPU.Deploy.0 = Debug|Any CPU
		{C33FE611-37CC-4326-82BF-EC126C75797D}.Release|Any CPU.ActiveCfg = Release|Any CPU
		{C33FE611-37CC-4326-82BF-EC126C75797D}.Release|Any CPU.Build.0 = Release|Any CPU
		{C33FE611-37CC-4326-82BF-EC126C75797D}.Release|Any CPU.Deploy.0 = Release|Any CPU
		{08AFED58-AB4F-4A1C-BAB1-39AA9C31D7E4}.Debug|Any CPU.ActiveCfg = Debug|Any CPU
		{08AFED58-AB4F-4A1C-BAB1-39AA9C31D7E4}.Debug|Any CPU.Build.0 = Debug|Any CPU
		{08AFED58-AB4F-4A1C-BAB1-39AA9C31D7E4}.Release|Any CPU.ActiveCfg = Release|Any CPU
		{08AFED58-AB4F-4A1C-BAB1-39AA9C31D7E4}.Release|Any CPU.Build.0 = Release|Any CPU
	EndGlobalSection
	GlobalSection(SolutionProperties) = preSolution
		HideSolutionNode = FALSE
	EndGlobalSection
	GlobalSection(ExtensibilityGlobals) = postSolution
		SolutionGuid = {676EDC47-CC98-48F0-8026-7849806BEA0F}
	EndGlobalSection
EndGlobal
